
Microsoft Visual Studio Solution File, Format Version 12.00
# Visual Studio Version 16
VisualStudioVersion = 16.0.33214.272
MinimumVisualStudioVersion = 10.0.40219.1
Project("{FAE04EC0-301F-11D3-BF4B-00C04F79EFBC}") = "zd3_v5_OberuhtinaLena", "zd3_v5_OberuhtinaLena.csproj", "{0344A8AA-8CF7-4091-AF62-2A110082372F}"
EndProject
Global
	GlobalSection(SolutionConfigurationPlatforms) = preSolution
		Debug|Any CPU = Debug|Any CPU
		Release|Any CPU = Release|Any CPU
	EndGlobalSection
	GlobalSection(ProjectConfigurationPlatforms) = postSolution
		{0344A8AA-8CF7-4091-AF62-2A110082372F}.Debug|Any CPU.ActiveCfg = Debug|Any CPU
		{0344A8AA-8CF7-4091-AF62-2A110082372F}.Debug|Any CPU.Build.0 = Debug|Any CPU
		{0344A8AA-8CF7-4091-AF62-2A110082372F}.Release|Any CPU.ActiveCfg = Release|Any CPU
		{0344A8AA-8CF7-4091-AF62-2A110082372F}.Release|Any CPU.Build.0 = Release|Any CPU
	EndGlobalSection
	GlobalSection(SolutionProperties) = preSolution
		HideSolutionNode = FALSE
	EndGlobalSection
	GlobalSection(ExtensibilityGlobals) = postSolution
		SolutionGuid = {98195D31-F1A9-481D-85FB-7158D6F21530}
	EndGlobalSection
EndGlobal
